// !$*UTF8*$!
{
	archiveVersion = 1;
	classes = {
	};
	objectVersion = 50;
	objects = {

/* Begin PBXBuildFile section */
		8CB7892E25A25B0A00B200F2 /* AppDelegate.swift in Sources */ = {isa = PBXBuildFile; fileRef = 8CB7892D25A25B0A00B200F2 /* AppDelegate.swift */; };
		8CB7893225A25B0A00B200F2 /* ViewController.swift in Sources */ = {isa = PBXBuildFile; fileRef = 8CB7893125A25B0A00B200F2 /* ViewController.swift */; };
		8CB7893525A25B0A00B200F2 /* Main.storyboard in Resources */ = {isa = PBXBuildFile; fileRef = 8CB7893325A25B0A00B200F2 /* Main.storyboard */; };
		8CB7893725A25B0D00B200F2 /* Assets.xcassets in Resources */ = {isa = PBXBuildFile; fileRef = 8CB7893625A25B0D00B200F2 /* Assets.xcassets */; };
		8CB7893A25A25B0D00B200F2 /* LaunchScreen.storyboard in Resources */ = {isa = PBXBuildFile; fileRef = 8CB7893825A25B0D00B200F2 /* LaunchScreen.storyboard */; };
		8CB7894425A25D5600B200F2 /* FigmaLabel.swift in Sources */ = {isa = PBXBuildFile; fileRef = 8CB7894325A25D5600B200F2 /* FigmaLabel.swift */; };
		8CB7894925A264EC00B200F2 /* String.swift in Sources */ = {isa = PBXBuildFile; fileRef = 8CB7894825A264EC00B200F2 /* String.swift */; };
		8CB7894D25A2678000B200F2 /* ObjectSans-Regular.ttf in Resources */ = {isa = PBXBuildFile; fileRef = 8CB7894C25A2678000B200F2 /* ObjectSans-Regular.ttf */; };
		8CB7895025A26D9A00B200F2 /* ObjectSans-Bold.otf in Resources */ = {isa = PBXBuildFile; fileRef = 8CB7894F25A26D9A00B200F2 /* ObjectSans-Bold.otf */; };
		8CB7895525A270A600B200F2 /* ObjectSans-BoldSlanted.otf in Resources */ = {isa = PBXBuildFile; fileRef = 8CB7895425A270A600B200F2 /* ObjectSans-BoldSlanted.otf */; };
/* End PBXBuildFile section */

/* Begin PBXFileReference section */
		8CB7892A25A25B0A00B200F2 /* FigmaLabel.app */ = {isa = PBXFileReference; explicitFileType = wrapper.application; includeInIndex = 0; path = FigmaLabel.app; sourceTree = BUILT_PRODUCTS_DIR; };
		8CB7892D25A25B0A00B200F2 /* AppDelegate.swift */ = {isa = PBXFileReference; lastKnownFileType = sourcecode.swift; path = AppDelegate.swift; sourceTree = "<group>"; };
		8CB7893125A25B0A00B200F2 /* ViewController.swift */ = {isa = PBXFileReference; lastKnownFileType = sourcecode.swift; path = ViewController.swift; sourceTree = "<group>"; };
		8CB7893425A25B0A00B200F2 /* Base */ = {isa = PBXFileReference; lastKnownFileType = file.storyboard; name = Base; path = Base.lproj/Main.storyboard; sourceTree = "<group>"; };
		8CB7893625A25B0D00B200F2 /* Assets.xcassets */ = {isa = PBXFileReference; lastKnownFileType = folder.assetcatalog; path = Assets.xcassets; sourceTree = "<group>"; };
		8CB7893925A25B0D00B200F2 /* Base */ = {isa = PBXFileReference; lastKnownFileType = file.storyboard; name = Base; path = Base.lproj/LaunchScreen.storyboard; sourceTree = "<group>"; };
		8CB7893B25A25B0D00B200F2 /* Info.plist */ = {isa = PBXFileReference; lastKnownFileType = text.plist.xml; path = Info.plist; sourceTree = "<group>"; };
		8CB7894325A25D5600B200F2 /* FigmaLabel.swift */ = {isa = PBXFileReference; lastKnownFileType = sourcecode.swift; path = FigmaLabel.swift; sourceTree = "<group>"; };
		8CB7894825A264EC00B200F2 /* String.swift */ = {isa = PBXFileReference; lastKnownFileType = sourcecode.swift; path = String.swift; sourceTree = "<group>"; };
		8CB7894C25A2678000B200F2 /* ObjectSans-Regular.ttf */ = {isa = PBXFileReference; lastKnownFileType = file; path = "ObjectSans-Regular.ttf"; sourceTree = "<group>"; };
		8CB7894F25A26D9A00B200F2 /* ObjectSans-Bold.otf */ = {isa = PBXFileReference; lastKnownFileType = file; path = "ObjectSans-Bold.otf"; sourceTree = "<group>"; };
		8CB7895425A270A600B200F2 /* ObjectSans-BoldSlanted.otf */ = {isa = PBXFileReference; lastKnownFileType = file; path = "ObjectSans-BoldSlanted.otf"; sourceTree = "<group>"; };
/* End PBXFileReference section */

/* Begin PBXFrameworksBuildPhase section */
		8CB7892725A25B0A00B200F2 /* Frameworks */ = {
			isa = PBXFrameworksBuildPhase;
			buildActionMask = 2147483647;
			files = (
			);
			runOnlyForDeploymentPostprocessing = 0;
		};
/* End PBXFrameworksBuildPhase section */

/* Begin PBXGroup section */
		8CB7892125A25B0A00B200F2 = {
			isa = PBXGroup;
			children = (
				8CB7892C25A25B0A00B200F2 /* FigmaLabel */,
				8CB7892B25A25B0A00B200F2 /* Products */,
			);
			sourceTree = "<group>";
		};
		8CB7892B25A25B0A00B200F2 /* Products */ = {
			isa = PBXGroup;
			children = (
				8CB7892A25A25B0A00B200F2 /* FigmaLabel.app */,
			);
			name = Products;
			sourceTree = "<group>";
		};
		8CB7892C25A25B0A00B200F2 /* FigmaLabel */ = {
			isa = PBXGroup;
			children = (
				8CB7892D25A25B0A00B200F2 /* AppDelegate.swift */,
				8CB7893125A25B0A00B200F2 /* ViewController.swift */,
				8CB7894325A25D5600B200F2 /* FigmaLabel.swift */,
				8CB7894725A264E400B200F2 /* Extensions */,
				8CB7895225A26DA200B200F2 /* Fonts */,
				8CB7893325A25B0A00B200F2 /* Main.storyboard */,
				8CB7893625A25B0D00B200F2 /* Assets.xcassets */,
				8CB7893825A25B0D00B200F2 /* LaunchScreen.storyboard */,
				8CB7893B25A25B0D00B200F2 /* Info.plist */,
			);
			path = FigmaLabel;
			sourceTree = "<group>";
		};
		8CB7894725A264E400B200F2 /* Extensions */ = {
			isa = PBXGroup;
			children = (
				8CB7894825A264EC00B200F2 /* String.swift */,
			);
			path = Extensions;
			sourceTree = "<group>";
		};
		8CB7895225A26DA200B200F2 /* Fonts */ = {
			isa = PBXGroup;
			children = (
				8CB7894C25A2678000B200F2 /* ObjectSans-Regular.ttf */,
				8CB7894F25A26D9A00B200F2 /* ObjectSans-Bold.otf */,
				8CB7895425A270A600B200F2 /* ObjectSans-BoldSlanted.otf */,
			);
			path = Fonts;
			sourceTree = "<group>";
		};
/* End PBXGroup section */

/* Begin PBXNativeTarget section */
		8CB7892925A25B0A00B200F2 /* FigmaLabel */ = {
			isa = PBXNativeTarget;
			buildConfigurationList = 8CB7893E25A25B0D00B200F2 /* Build configuration list for PBXNativeTarget "FigmaLabel" */;
			buildPhases = (
				8CB7892625A25B0A00B200F2 /* Sources */,
				8CB7892725A25B0A00B200F2 /* Frameworks */,
				8CB7892825A25B0A00B200F2 /* Resources */,
			);
			buildRules = (
			);
			dependencies = (
			);
			name = FigmaLabel;
			productName = FigmaLabel;
			productReference = 8CB7892A25A25B0A00B200F2 /* FigmaLabel.app */;
			productType = "com.apple.product-type.application";
		};
/* End PBXNativeTarget section */

/* Begin PBXProject section */
		8CB7892225A25B0A00B200F2 /* Project object */ = {
			isa = PBXProject;
			attributes = {
				LastSwiftUpdateCheck = 1230;
				LastUpgradeCheck = 1230;
				TargetAttributes = {
					8CB7892925A25B0A00B200F2 = {
						CreatedOnToolsVersion = 12.3;
					};
				};
			};
			buildConfigurationList = 8CB7892525A25B0A00B200F2 /* Build configuration list for PBXProject "FigmaLabel" */;
			compatibilityVersion = "Xcode 9.3";
			developmentRegion = en;
			hasScannedForEncodings = 0;
			knownRegions = (
				en,
				Base,
			);
			mainGroup = 8CB7892125A25B0A00B200F2;
			productRefGroup = 8CB7892B25A25B0A00B200F2 /* Products */;
			projectDirPath = "";
			projectRoot = "";
			targets = (
				8CB7892925A25B0A00B200F2 /* FigmaLabel */,
			);
		};
/* End PBXProject section */

/* Begin PBXResourcesBuildPhase section */
		8CB7892825A25B0A00B200F2 /* Resources */ = {
			isa = PBXResourcesBuildPhase;
			buildActionMask = 2147483647;
			files = (
				8CB7893A25A25B0D00B200F2 /* LaunchScreen.storyboard in Resources */,
				8CB7894D25A2678000B200F2 /* ObjectSans-Regular.ttf in Resources */,
				8CB7895525A270A600B200F2 /* ObjectSans-BoldSlanted.otf in Resources */,
				8CB7893725A25B0D00B200F2 /* Assets.xcassets in Resources */,
				8CB7895025A26D9A00B200F2 /* ObjectSans-Bold.otf in Resources */,
				8CB7893525A25B0A00B200F2 /* Main.storyboard in Resources */,
			);
			runOnlyForDeploymentPostprocessing = 0;
		};
/* End PBXResourcesBuildPhase section */

/* Begin PBXSourcesBuildPhase section */
		8CB7892625A25B0A00B200F2 /* Sources */ = {
			isa = PBXSourcesBuildPhase;
			buildActionMask = 2147483647;
			files = (
				8CB7893225A25B0A00B200F2 /* ViewController.swift in Sources */,
				8CB7894425A25D5600B200F2 /* FigmaLabel.swift in Sources */,
				8CB7894925A264EC00B200F2 /* String.swift in Sources */,
				8CB7892E25A25B0A00B200F2 /* AppDelegate.swift in Sources */,
			);
			runOnlyForDeploymentPostprocessing = 0;
		};
/* End PBXSourcesBuildPhase section */

/* Begin PBXVariantGroup section */
		8CB7893325A25B0A00B200F2 /* Main.storyboard */ = {
			isa = PBXVariantGroup;
			children = (
				8CB7893425A25B0A00B200F2 /* Base */,
			);
			name = Main.storyboard;
			sourceTree = "<group>";
		};
		8CB7893825A25B0D00B200F2 /* LaunchScreen.storyboard */ = {
			isa = PBXVariantGroup;
			children = (
				8CB7893925A25B0D00B200F2 /* Base */,
			);
			name = LaunchScreen.storyboard;
			sourceTree = "<group>";
		};
/* End PBXVariantGroup section */

/* Begin XCBuildConfiguration section */
		8CB7893C25A25B0D00B200F2 /* Debug */ = {
			isa = XCBuildConfiguration;
			buildSettings = {
				ALWAYS_SEARCH_USER_PATHS = NO;
				CLANG_ANALYZER_NONNULL = YES;
				CLANG_ANALYZER_NUMBER_OBJECT_CONVERSION = YES_AGGRESSIVE;
				CLANG_CXX_LANGUAGE_STANDARD = "gnu++14";
				CLANG_CXX_LIBRARY = "libc++";
				CLANG_ENABLE_MODULES = YES;
				CLANG_ENABLE_OBJC_ARC = YES;
				CLANG_ENABLE_OBJC_WEAK = YES;
				CLANG_WARN_BLOCK_CAPTURE_AUTORELEASING = YES;
				CLANG_WARN_BOOL_CONVERSION = YES;
				CLANG_WARN_COMMA = YES;
				CLANG_WARN_CONSTANT_CONVERSION = YES;
				CLANG_WARN_DEPRECATED_OBJC_IMPLEMENTATIONS = YES;
				CLANG_WARN_DIRECT_OBJC_ISA_USAGE = YES_ERROR;
				CLANG_WARN_DOCUMENTATION_COMMENTS = YES;
				CLANG_WARN_EMPTY_BODY = YES;
				CLANG_WARN_ENUM_CONVERSION = YES;
				CLANG_WARN_INFINITE_RECURSION = YES;
				CLANG_WARN_INT_CONVERSION = YES;
				CLANG_WARN_NON_LITERAL_NULL_CONVERSION = YES;
				CLANG_WARN_OBJC_IMPLICIT_RETAIN_SELF = YES;
				CLANG_WARN_OBJC_LITERAL_CONVERSION = YES;
				CLANG_WARN_OBJC_ROOT_CLASS = YES_ERROR;
				CLANG_WARN_QUOTED_INCLUDE_IN_FRAMEWORK_HEADER = YES;
				CLANG_WARN_RANGE_LOOP_ANALYSIS = YES;
				CLANG_WARN_STRICT_PROTOTYPES = YES;
				CLANG_WARN_SUSPICIOUS_MOVE = YES;
				CLANG_WARN_UNGUARDED_AVAILABILITY = YES_AGGRESSIVE;
				CLANG_WARN_UNREACHABLE_CODE = YES;
				CLANG_WARN__DUPLICATE_METHOD_MATCH = YES;
				COPY_PHASE_STRIP = NO;
				DEBUG_INFORMATION_FORMAT = dwarf;
				ENABLE_STRICT_OBJC_MSGSEND = YES;
				ENABLE_TESTABILITY = YES;
				GCC_C_LANGUAGE_STANDARD = gnu11;
				GCC_DYNAMIC_NO_PIC = NO;
				GCC_NO_COMMON_BLOCKS = YES;
				GCC_OPTIMIZATION_LEVEL = 0;
				GCC_PREPROCESSOR_DEFINITIONS = (
					"DEBUG=1",
					"$(inherited)",
				);
				GCC_WARN_64_TO_32_BIT_CONVERSION = YES;
				GCC_WARN_ABOUT_RETURN_TYPE = YES_ERROR;
				GCC_WARN_UNDECLARED_SELECTOR = YES;
				GCC_WARN_UNINITIALIZED_AUTOS = YES_AGGRESSIVE;
				GCC_WARN_UNUSED_FUNCTION = YES;
				GCC_WARN_UNUSED_VARIABLE = YES;
				IPHONEOS_DEPLOYMENT_TARGET = 14.3;
				MTL_ENABLE_DEBUG_INFO = INCLUDE_SOURCE;
				MTL_FAST_MATH = YES;
				ONLY_ACTIVE_ARCH = YES;
				SDKROOT = iphoneos;
				SWIFT_ACTIVE_COMPILATION_CONDITIONS = DEBUG;
				SWIFT_OPTIMIZATION_LEVEL = "-Onone";
			};
			name = Debug;
		};
		8CB7893D25A25B0D00B200F2 /* Release */ = {
			isa = XCBuildConfiguration;
			buildSettings = {
				ALWAYS_SEARCH_USER_PATHS = NO;
				CLANG_ANALYZER_NONNULL = YES;
				CLANG_ANALYZER_NUMBER_OBJECT_CONVERSION = YES_AGGRESSIVE;
				CLANG_CXX_LANGUAGE_STANDARD = "gnu++14";
				CLANG_CXX_LIBRARY = "libc++";
				CLANG_ENABLE_MODULES = YES;
				CLANG_ENABLE_OBJC_ARC = YES;
				CLANG_ENABLE_OBJC_WEAK = YES;
				CLANG_WARN_BLOCK_CAPTURE_AUTORELEASING = YES;
				CLANG_WARN_BOOL_CONVERSION = YES;
				CLANG_WARN_COMMA = YES;
				CLANG_WARN_CONSTANT_CONVERSION = YES;
				CLANG_WARN_DEPRECATED_OBJC_IMPLEMENTATIONS = YES;
				CLANG_WARN_DIRECT_OBJC_ISA_USAGE = YES_ERROR;
				CLANG_WARN_DOCUMENTATION_COMMENTS = YES;
				CLANG_WARN_EMPTY_BODY = YES;
				CLANG_WARN_ENUM_CONVERSION = YES;
				CLANG_WARN_INFINITE_RECURSION = YES;
				CLANG_WARN_INT_CONVERSION = YES;
				CLANG_WARN_NON_LITERAL_NULL_CONVERSION = YES;
				CLANG_WARN_OBJC_IMPLICIT_RETAIN_SELF = YES;
				CLANG_WARN_OBJC_LITERAL_CONVERSION = YES;
				CLANG_WARN_OBJC_ROOT_CLASS = YES_ERROR;
				CLANG_WARN_QUOTED_INCLUDE_IN_FRAMEWORK_HEADER = YES;
				CLANG_WARN_RANGE_LOOP_ANALYSIS = YES;
				CLANG_WARN_STRICT_PROTOTYPES = YES;
				CLANG_WARN_SUSPICIOUS_MOVE = YES;
				CLANG_WARN_UNGUARDED_AVAILABILITY = YES_AGGRESSIVE;
				CLANG_WARN_UNREACHABLE_CODE = YES;
				CLANG_WARN__DUPLICATE_METHOD_MATCH = YES;
				COPY_PHASE_STRIP = NO;
				DEBUG_INFORMATION_FORMAT = "dwarf-with-dsym";
				ENABLE_NS_ASSERTIONS = NO;
				ENABLE_STRICT_OBJC_MSGSEND = YES;
				GCC_C_LANGUAGE_STANDARD = gnu11;
				GCC_NO_COMMON_BLOCKS = YES;
				GCC_WARN_64_TO_32_BIT_CONVERSION = YES;
				GCC_WARN_ABOUT_RETURN_TYPE = YES_ERROR;
				GCC_WARN_UNDECLARED_SELECTOR = YES;
				GCC_WARN_UNINITIALIZED_AUTOS = YES_AGGRESSIVE;
				GCC_WARN_UNUSED_FUNCTION = YES;
				GCC_WARN_UNUSED_VARIABLE = YES;
				IPHONEOS_DEPLOYMENT_TARGET = 14.3;
				MTL_ENABLE_DEBUG_INFO = NO;
				MTL_FAST_MATH = YES;
				SDKROOT = iphoneos;
				SWIFT_COMPILATION_MODE = wholemodule;
				SWIFT_OPTIMIZATION_LEVEL = "-O";
				VALIDATE_PRODUCT = YES;
			};
			name = Release;
		};
		8CB7893F25A25B0D00B200F2 /* Debug */ = {
			isa = XCBuildConfiguration;
			buildSettings = {
				ASSETCATALOG_COMPILER_APPICON_NAME = AppIcon;
				ASSETCATALOG_COMPILER_GLOBAL_ACCENT_COLOR_NAME = AccentColor;
				CODE_SIGN_STYLE = Automatic;
				DEVELOPMENT_TEAM = 9B2Z3TZMD9;
				INFOPLIST_FILE = FigmaLabel/Info.plist;
				LD_RUNPATH_SEARCH_PATHS = (
					"$(inherited)",
					"@executable_path/Frameworks",
				);
				PRODUCT_BUNDLE_IDENTIFIER = "com.nick-ignatenko.FigmaLabel";
				PRODUCT_NAME = "$(TARGET_NAME)";
				SWIFT_VERSION = 5.0;
				TARGETED_DEVICE_FAMILY = "1,2";
			};
			name = Debug;
		};
		8CB7894025A25B0D00B200F2 /* Release */ = {
			isa = XCBuildConfiguration;
			buildSettings = {
				ASSETCATALOG_COMPILER_APPICON_NAME = AppIcon;
				ASSETCATALOG_COMPILER_GLOBAL_ACCENT_COLOR_NAME = AccentColor;
				CODE_SIGN_STYLE = Automatic;
				DEVELOPMENT_TEAM = 9B2Z3TZMD9;
				INFOPLIST_FILE = FigmaLabel/Info.plist;
				LD_RUNPATH_SEARCH_PATHS = (
					"$(inherited)",
					"@executable_path/Frameworks",
				);
				PRODUCT_BUNDLE_IDENTIFIER = "com.nick-ignatenko.FigmaLabel";
				PRODUCT_NAME = "$(TARGET_NAME)";
				SWIFT_VERSION = 5.0;
				TARGETED_DEVICE_FAMILY = "1,2";
			};
			name = Release;
		};
/* End XCBuildConfiguration section */

/* Begin XCConfigurationList section */
		8CB7892525A25B0A00B200F2 /* Build configuration list for PBXProject "FigmaLabel" */ = {
			isa = XCConfigurationList;
			buildConfigurations = (
				8CB7893C25A25B0D00B200F2 /* Debug */,
				8CB7893D25A25B0D00B200F2 /* Release */,
			);
			defaultConfigurationIsVisible = 0;
			defaultConfigurationName = Release;
		};
		8CB7893E25A25B0D00B200F2 /* Build configuration list for PBXNativeTarget "FigmaLabel" */ = {
			isa = XCConfigurationList;
			buildConfigurations = (
				8CB7893F25A25B0D00B200F2 /* Debug */,
				8CB7894025A25B0D00B200F2 /* Release */,
			);
			defaultConfigurationIsVisible = 0;
			defaultConfigurationName = Release;
		};
/* End XCConfigurationList section */
	};
	rootObject = 8CB7892225A25B0A00B200F2 /* Project object */;
}
